# This file is automatically @generated by Cargo.
# It is not intended for manual editing.
version = 3

[[package]]
name = "autocfg"
version = "1.1.0"
source = "registry+https://github.com/rust-lang/crates.io-index"
checksum = "d468802bab17cbc0cc575e9b053f41e72aa36bfa6b7f55e3529ffa43161b97fa"

[[package]]
name = "char-name"
version = "0.1.0"
source = "git+https://github.com/azdavis/language-util.git#be4590cc04b12775612ccbdf1d07ef4ff26956d7"

[[package]]
name = "code-h2-md-map"
version = "0.1.0"
source = "git+https://github.com/azdavis/language-util.git#be4590cc04b12775612ccbdf1d07ef4ff26956d7"
dependencies = [
 "fast-hash",
]

[[package]]
name = "countme"
version = "3.0.1"
source = "registry+https://github.com/rust-lang/crates.io-index"
checksum = "7704b5fdd17b18ae31c4c1da5a2e0305a2bf17b5249300a9ee9ed7b72114c636"

[[package]]
name = "drop_bomb"
version = "0.1.5"
source = "registry+https://github.com/rust-lang/crates.io-index"
checksum = "9bda8e21c04aca2ae33ffc2fd8c23134f3cac46db123ba97bd9d3f3b8a4a85e1"

[[package]]
name = "dunce"
version = "1.0.4"
source = "registry+https://github.com/rust-lang/crates.io-index"
checksum = "56ce8c6da7551ec6c462cbaf3bfbc75131ebbfa1c944aeaa9dab51ca1c5f0c3b"

[[package]]
name = "event-parse"
version = "0.1.0"
source = "git+https://github.com/azdavis/language-util.git#be4590cc04b12775612ccbdf1d07ef4ff26956d7"
dependencies = [
 "drop_bomb",
 "rowan",
 "token",
]

[[package]]
name = "fast-hash"
version = "0.1.0"
source = "git+https://github.com/azdavis/language-util.git#be4590cc04b12775612ccbdf1d07ef4ff26956d7"
dependencies = [
 "rustc-hash",
]

[[package]]
name = "glob"
version = "0.3.1"
source = "registry+https://github.com/rust-lang/crates.io-index"
checksum = "d2fabcfbdc87f4758337ca535fb41a6d701b65693ce38287d856d1674551ec9b"

[[package]]
name = "hashbrown"
version = "0.14.3"
source = "registry+https://github.com/rust-lang/crates.io-index"
checksum = "290f1a1d9242c78d09ce40a5e87e7554ee637af1351968159f4952f028f75604"

[[package]]
name = "identifier-case"
version = "0.1.0"
source = "git+https://github.com/azdavis/language-util.git#be4590cc04b12775612ccbdf1d07ef4ff26956d7"

[[package]]
name = "idx"
version = "0.1.0"
source = "git+https://github.com/azdavis/language-util.git#be4590cc04b12775612ccbdf1d07ef4ff26956d7"
dependencies = [
 "nohash-hasher",
]

[[package]]
name = "itoa"
version = "1.0.9"
source = "registry+https://github.com/rust-lang/crates.io-index"
checksum = "af150ab688ff2122fcef229be89cb50dd66af9e01a4ff320cc137eecc9bacc38"

[[package]]
name = "jsonnet-desugar"
version = "0.1.0"
dependencies = [
 "jsonnet-escape",
 "jsonnet-expr",
 "jsonnet-pointers",
 "jsonnet-syntax",
 "paths",
 "rustc-hash",
 "str-process",
 "text-size",
]

[[package]]
name = "jsonnet-escape"
version = "0.1.0"
dependencies = [
 "drop_bomb",
 "str-process",
]

[[package]]
name = "jsonnet-eval"
version = "0.1.0"
dependencies = [
 "jsonnet-expr",
 "paths",
 "rustc-hash",
]

[[package]]
name = "jsonnet-expr"
version = "0.1.0"
dependencies = [
 "la-arena",
 "paths",
 "proc-macro2",
 "quote",
 "rustc-hash",
 "write-rs-tokens",
]

[[package]]
name = "jsonnet-lex"
version = "0.1.0"
dependencies = [
 "jsonnet-escape",
 "jsonnet-syntax",
 "str-process",
 "text-size",
 "token",
]

[[package]]
name = "jsonnet-ls"
version = "0.1.0"

[[package]]
name = "jsonnet-parse"
version = "0.1.0"
dependencies = [
 "event-parse",
 "jsonnet-syntax",
 "text-size",
 "token",
]

[[package]]
name = "jsonnet-pointers"
version = "0.1.0"
dependencies = [
 "jsonnet-expr",
 "jsonnet-syntax",
 "rustc-hash",
]

[[package]]
name = "jsonnet-statics"
version = "0.1.0"
dependencies = [
 "jsonnet-expr",
 "rustc-hash",
]

[[package]]
name = "jsonnet-syntax"
version = "0.1.0"
dependencies = [
 "code-h2-md-map",
 "rowan",
 "rustc-hash",
 "syntax-gen",
 "token",
]

[[package]]
name = "la-arena"
version = "0.3.1"
source = "registry+https://github.com/rust-lang/crates.io-index"
checksum = "3752f229dcc5a481d60f385fa479ff46818033d881d2d801aa27dffcfb5e8306"

[[package]]
name = "memoffset"
version = "0.9.0"
source = "registry+https://github.com/rust-lang/crates.io-index"
checksum = "5a634b1c61a95585bd15607c6ab0c4e5b226e695ff2800ba0cdccddf208c406c"
dependencies = [
 "autocfg",
]

[[package]]
name = "nohash-hasher"
version = "0.2.0"
source = "registry+https://github.com/rust-lang/crates.io-index"
checksum = "2bf50223579dc7cdcfb3bfcacf7069ff68243f8c363f62ffa99cf000a6b9c451"

[[package]]
name = "paths"
version = "0.1.0"
source = "git+https://github.com/azdavis/language-util.git#be4590cc04b12775612ccbdf1d07ef4ff26956d7"
dependencies = [
 "dunce",
 "fast-hash",
 "glob",
 "idx",
 "nohash-hasher",
 "str-util",
]

[[package]]
name = "pico-args"
version = "0.5.0"
source = "registry+https://github.com/rust-lang/crates.io-index"
checksum = "5be167a7af36ee22fe3115051bc51f6e6c7054c9348e28deb4f49bd6f705a315"

[[package]]
name = "prettyplease"
version = "0.2.15"
source = "registry+https://github.com/rust-lang/crates.io-index"
checksum = "ae005bd773ab59b4725093fd7df83fd7892f7d8eafb48dbd7de6e024e4215f9d"
dependencies = [
 "proc-macro2",
 "syn",
]

[[package]]
name = "proc-macro2"
version = "1.0.70"
source = "registry+https://github.com/rust-lang/crates.io-index"
checksum = "39278fbbf5fb4f646ce651690877f89d1c5811a3d4acb27700c1cb3cdb78fd3b"
dependencies = [
 "unicode-ident",
]

[[package]]
name = "quote"
version = "1.0.33"
source = "registry+https://github.com/rust-lang/crates.io-index"
checksum = "5267fca4496028628a95160fc423a33e8b2e6af8a5302579e322e4b520293cae"
dependencies = [
 "proc-macro2",
]

[[package]]
name = "rowan"
version = "0.15.15"
source = "registry+https://github.com/rust-lang/crates.io-index"
checksum = "32a58fa8a7ccff2aec4f39cc45bf5f985cec7125ab271cf681c279fd00192b49"
dependencies = [
 "countme",
 "hashbrown",
 "memoffset",
 "rustc-hash",
 "text-size",
]

[[package]]
name = "rustc-hash"
version = "1.1.0"
source = "registry+https://github.com/rust-lang/crates.io-index"
checksum = "08d43f7aa6b08d49f382cde6a7982047c3426db949b1424bc4b7ec9ae12c6ce2"

[[package]]
name = "ryu"
version = "1.0.15"
source = "registry+https://github.com/rust-lang/crates.io-index"
checksum = "1ad4cc8da4ef723ed60bced201181d83791ad433213d8c24efffda1eec85d741"

[[package]]
name = "serde"
version = "1.0.190"
source = "registry+https://github.com/rust-lang/crates.io-index"
checksum = "91d3c334ca1ee894a2c6f6ad698fe8c435b76d504b13d436f0685d648d6d96f7"
dependencies = [
 "serde_derive",
]

[[package]]
name = "serde_derive"
version = "1.0.190"
source = "registry+https://github.com/rust-lang/crates.io-index"
checksum = "67c5609f394e5c2bd7fc51efda478004ea80ef42fee983d5c67a65e34f32c0e3"
dependencies = [
 "proc-macro2",
 "quote",
 "syn",
]

[[package]]
name = "serde_json"
version = "1.0.108"
source = "registry+https://github.com/rust-lang/crates.io-index"
checksum = "3d1c7e3eac408d115102c4c24ad393e0821bb3a5df4d506a80f85f7a742a526b"
dependencies = [
 "itoa",
 "ryu",
 "serde",
]

[[package]]
name = "smol_str"
version = "0.2.0"
source = "registry+https://github.com/rust-lang/crates.io-index"
checksum = "74212e6bbe9a4352329b2f68ba3130c15a3f26fe88ff22dbdc6cdd58fa85e99c"
dependencies = [
 "serde",
]

[[package]]
name = "str-process"
version = "0.1.0"
dependencies = [
 "drop_bomb",
]

[[package]]
name = "str-util"
version = "0.1.0"
source = "git+https://github.com/azdavis/language-util.git#be4590cc04b12775612ccbdf1d07ef4ff26956d7"
dependencies = [
 "smol_str",
]

[[package]]
name = "syn"
version = "2.0.41"
source = "registry+https://github.com/rust-lang/crates.io-index"
checksum = "44c8b28c477cc3bf0e7966561e3460130e1255f7a1cf71931075f1c5e7a7e269"
dependencies = [
 "proc-macro2",
 "quote",
 "unicode-ident",
]

[[package]]
name = "syntax-gen"
version = "0.1.0"
source = "git+https://github.com/azdavis/language-util.git#be4590cc04b12775612ccbdf1d07ef4ff26956d7"
dependencies = [
 "char-name",
 "fast-hash",
 "identifier-case",
 "proc-macro2",
 "quote",
 "ungrammar",
 "write-rs-tokens",
]

[[package]]
name = "tests"
version = "0.1.0"
dependencies = [
 "jsonnet-desugar",
 "jsonnet-eval",
 "jsonnet-expr",
 "jsonnet-lex",
 "jsonnet-parse",
 "jsonnet-statics",
 "paths",
 "rustc-hash",
 "serde_json",
]

[[package]]
name = "text-size"
version = "1.1.1"
source = "registry+https://github.com/rust-lang/crates.io-index"
checksum = "f18aa187839b2bdb1ad2fa35ead8c4c2976b64e4363c386d45ac0f7ee85c9233"

[[package]]
name = "token"
version = "0.1.0"
source = "git+https://github.com/azdavis/language-util.git#be4590cc04b12775612ccbdf1d07ef4ff26956d7"

[[package]]
name = "ungrammar"
version = "1.16.1"
source = "registry+https://github.com/rust-lang/crates.io-index"
checksum = "a3e5df347f0bf3ec1d670aad6ca5c6a1859cd9ea61d2113125794654ccced68f"

[[package]]
name = "unicode-ident"
version = "1.0.12"
source = "registry+https://github.com/rust-lang/crates.io-index"
checksum = "3354b9ac3fae1ff6755cb6db53683adb661634f67557942dea4facebec0fee4b"

[[package]]
name = "write-rs-tokens"
version = "0.1.0"
source = "git+https://github.com/azdavis/language-util.git#be4590cc04b12775612ccbdf1d07ef4ff26956d7"
dependencies = [
 "prettyplease",
 "proc-macro2",
 "syn",
]

[[package]]
name = "xtask"
version = "0.1.0"
dependencies = [
 "pico-args",
]
