# This file is automatically @generated by Cargo.
# It is not intended for manual editing.
version = 3

[[package]]
name = "autocfg"
version = "1.1.0"
source = "registry+https://github.com/rust-lang/crates.io-index"
checksum = "d468802bab17cbc0cc575e9b053f41e72aa36bfa6b7f55e3529ffa43161b97fa"

[[package]]
name = "char-name"
version = "0.1.0"
source = "git+https://github.com/azdavis/language-util.git#50962261bfd5159c350fdd5c397af60746dcf6fe"

[[package]]
name = "code-h2-md-map"
version = "0.1.0"
source = "git+https://github.com/azdavis/language-util.git#50962261bfd5159c350fdd5c397af60746dcf6fe"
dependencies = [
 "fast-hash",
]

[[package]]
name = "countme"
version = "3.0.1"
source = "registry+https://github.com/rust-lang/crates.io-index"
checksum = "7704b5fdd17b18ae31c4c1da5a2e0305a2bf17b5249300a9ee9ed7b72114c636"

[[package]]
name = "drop_bomb"
version = "0.1.5"
source = "registry+https://github.com/rust-lang/crates.io-index"
checksum = "9bda8e21c04aca2ae33ffc2fd8c23134f3cac46db123ba97bd9d3f3b8a4a85e1"

[[package]]
name = "event-parse"
version = "0.1.0"
source = "git+https://github.com/azdavis/language-util.git#50962261bfd5159c350fdd5c397af60746dcf6fe"
dependencies = [
 "drop_bomb",
 "rowan",
 "token",
]

[[package]]
name = "fast-hash"
version = "0.1.0"
source = "git+https://github.com/azdavis/language-util.git#50962261bfd5159c350fdd5c397af60746dcf6fe"
dependencies = [
 "rustc-hash",
]

[[package]]
name = "hashbrown"
version = "0.12.3"
source = "registry+https://github.com/rust-lang/crates.io-index"
checksum = "8a9ee70c43aaf417c914396645a0fa852624801b24ebb7ae78fe8272889ac888"

[[package]]
name = "identifier-case"
version = "0.1.0"
source = "git+https://github.com/azdavis/language-util.git#50962261bfd5159c350fdd5c397af60746dcf6fe"

[[package]]
name = "jsonnet-desugar"
version = "0.1.0"
dependencies = [
 "jsonnet-escape",
 "jsonnet-expr",
 "jsonnet-syntax",
 "rustc-hash",
 "text-size",
]

[[package]]
name = "jsonnet-escape"
version = "0.1.0"

[[package]]
name = "jsonnet-eval"
version = "0.1.0"
dependencies = [
 "jsonnet-expr",
 "rustc-hash",
]

[[package]]
name = "jsonnet-expr"
version = "0.1.0"
dependencies = [
 "la-arena",
 "prettyplease",
 "quote",
 "rustc-hash",
 "syn",
]

[[package]]
name = "jsonnet-lex"
version = "0.1.0"
dependencies = [
 "drop_bomb",
 "jsonnet-escape",
 "jsonnet-syntax",
 "token",
]

[[package]]
name = "jsonnet-parse"
version = "0.1.0"
dependencies = [
 "event-parse",
 "jsonnet-syntax",
 "token",
]

[[package]]
name = "jsonnet-statics"
version = "0.1.0"
dependencies = [
 "jsonnet-expr",
 "rustc-hash",
]

[[package]]
name = "jsonnet-syntax"
version = "0.1.0"
dependencies = [
 "code-h2-md-map",
 "rowan",
 "syntax-gen",
 "token",
]

[[package]]
name = "la-arena"
version = "0.3.1"
source = "registry+https://github.com/rust-lang/crates.io-index"
checksum = "3752f229dcc5a481d60f385fa479ff46818033d881d2d801aa27dffcfb5e8306"

[[package]]
name = "memoffset"
version = "0.9.0"
source = "registry+https://github.com/rust-lang/crates.io-index"
checksum = "5a634b1c61a95585bd15607c6ab0c4e5b226e695ff2800ba0cdccddf208c406c"
dependencies = [
 "autocfg",
]

[[package]]
name = "prettyplease"
version = "0.2.15"
source = "registry+https://github.com/rust-lang/crates.io-index"
checksum = "ae005bd773ab59b4725093fd7df83fd7892f7d8eafb48dbd7de6e024e4215f9d"
dependencies = [
 "proc-macro2",
 "syn",
]

[[package]]
name = "proc-macro2"
version = "1.0.69"
source = "registry+https://github.com/rust-lang/crates.io-index"
checksum = "134c189feb4956b20f6f547d2cf727d4c0fe06722b20a0eec87ed445a97f92da"
dependencies = [
 "unicode-ident",
]

[[package]]
name = "quote"
version = "1.0.33"
source = "registry+https://github.com/rust-lang/crates.io-index"
checksum = "5267fca4496028628a95160fc423a33e8b2e6af8a5302579e322e4b520293cae"
dependencies = [
 "proc-macro2",
]

[[package]]
name = "rowan"
version = "0.15.13"
source = "registry+https://github.com/rust-lang/crates.io-index"
checksum = "906057e449592587bf6724f00155bf82a6752c868d78a8fb3aa41f4e6357cfe8"
dependencies = [
 "countme",
 "hashbrown",
 "memoffset",
 "rustc-hash",
 "text-size",
]

[[package]]
name = "rustc-hash"
version = "1.1.0"
source = "registry+https://github.com/rust-lang/crates.io-index"
checksum = "08d43f7aa6b08d49f382cde6a7982047c3426db949b1424bc4b7ec9ae12c6ce2"

[[package]]
name = "syn"
version = "2.0.38"
source = "registry+https://github.com/rust-lang/crates.io-index"
checksum = "e96b79aaa137db8f61e26363a0c9b47d8b4ec75da28b7d1d614c2303e232408b"
dependencies = [
 "proc-macro2",
 "quote",
 "unicode-ident",
]

[[package]]
name = "syntax-gen"
version = "0.1.0"
source = "git+https://github.com/azdavis/language-util.git#50962261bfd5159c350fdd5c397af60746dcf6fe"
dependencies = [
 "char-name",
 "fast-hash",
 "identifier-case",
 "prettyplease",
 "proc-macro2",
 "quote",
 "syn",
 "ungrammar",
]

[[package]]
name = "tests"
version = "0.1.0"
dependencies = [
 "jsonnet-desugar",
 "jsonnet-eval",
 "jsonnet-expr",
 "jsonnet-lex",
 "jsonnet-parse",
 "jsonnet-statics",
]

[[package]]
name = "text-size"
version = "1.1.1"
source = "registry+https://github.com/rust-lang/crates.io-index"
checksum = "f18aa187839b2bdb1ad2fa35ead8c4c2976b64e4363c386d45ac0f7ee85c9233"

[[package]]
name = "token"
version = "0.1.0"
source = "git+https://github.com/azdavis/language-util.git#50962261bfd5159c350fdd5c397af60746dcf6fe"

[[package]]
name = "ungrammar"
version = "1.16.1"
source = "registry+https://github.com/rust-lang/crates.io-index"
checksum = "a3e5df347f0bf3ec1d670aad6ca5c6a1859cd9ea61d2113125794654ccced68f"

[[package]]
name = "unicode-ident"
version = "1.0.12"
source = "registry+https://github.com/rust-lang/crates.io-index"
checksum = "3354b9ac3fae1ff6755cb6db53683adb661634f67557942dea4facebec0fee4b"
